
Microsoft Visual Studio Solution File, Format Version 12.00
# Visual Studio Version 17
VisualStudioVersion = 17.2.32630.192
MinimumVisualStudioVersion = 10.0.40219.1
Project("{FAE04EC0-301F-11D3-BF4B-00C04F79EFBC}") = "BankEncapsulation", "BankEncapsulation.csproj", "{0B2D45FD-1B6F-4A10-92EF-2C17D459FE28}"
EndProject
Global
	GlobalSection(SolutionConfigurationPlatforms) = preSolution
		Debug|Any CPU = Debug|Any CPU
		Release|Any CPU = Release|Any CPU
	EndGlobalSection
	GlobalSection(ProjectConfigurationPlatforms) = postSolution
		{0B2D45FD-1B6F-4A10-92EF-2C17D459FE28}.Debug|Any CPU.ActiveCfg = Debug|Any CPU
		{0B2D45FD-1B6F-4A10-92EF-2C17D459FE28}.Debug|Any CPU.Build.0 = Debug|Any CPU
		{0B2D45FD-1B6F-4A10-92EF-2C17D459FE28}.Release|Any CPU.ActiveCfg = Release|Any CPU
		{0B2D45FD-1B6F-4A10-92EF-2C17D459FE28}.Release|Any CPU.Build.0 = Release|Any CPU
	EndGlobalSection
	GlobalSection(SolutionProperties) = preSolution
		HideSolutionNode = FALSE
	EndGlobalSection
	GlobalSection(ExtensibilityGlobals) = postSolution
		SolutionGuid = {57ED2ECF-1579-47EF-B728-5B13AE31FC48}
	EndGlobalSection
EndGlobal
